{
  "checksum": "c2a87ed7a89c5bc60c7002f612a8507ded85a14c882e8399060e4e5372b7c5eb",
  "crates": {
    "az 1.2.1": {
      "name": "az",
      "version": "1.2.1",
      "repository": {
        "Http": {
          "url": "https://crates.io/api/v1/crates/az/1.2.1/download",
          "sha256": "7b7e4c2464d97fe331d41de9d5db0def0a96f4d823b8b32a2efd503578988973"
        }
      },
      "targets": [
        {
          "Library": {
            "crate_name": "az",
            "crate_root": "src/lib.rs",
            "srcs": [
              "**/*.rs"
            ]
          }
        },
        {
          "BuildScript": {
            "crate_name": "build_script_build",
            "crate_root": "build.rs",
            "srcs": [
              "**/*.rs"
            ]
          }
        }
      ],
      "library_target_name": "az",
      "common_attrs": {
        "compile_data_glob": [
          "**"
        ],
        "deps": {
          "common": [
            {
              "id": "az 1.2.1",
              "target": "build_script_build"
            }
          ],
          "selects": {}
        },
        "edition": "2018",
        "version": "1.2.1"
      },
      "build_script_attrs": {
        "data_glob": [
          "**"
        ]
      },
      "license": "MIT/Apache-2.0"
    },
    "bytemuck 1.13.1": {
      "name": "bytemuck",
      "version": "1.13.1",
      "repository": {
        "Http": {
          "url": "https://crates.io/api/v1/crates/bytemuck/1.13.1/download",
          "sha256": "17febce684fd15d89027105661fec94afb475cb995fbc59d2865198446ba2eea"
        }
      },
      "targets": [
        {
          "Library": {
            "crate_name": "bytemuck",
            "crate_root": "src/lib.rs",
            "srcs": [
              "**/*.rs"
            ]
          }
        }
      ],
      "library_target_name": "bytemuck",
      "common_attrs": {
        "compile_data_glob": [
          "**"
        ],
        "edition": "2018",
        "version": "1.13.1"
      },
      "license": "Zlib OR Apache-2.0 OR MIT"
    },
    "crunchy 0.2.2": {
      "name": "crunchy",
      "version": "0.2.2",
      "repository": {
        "Http": {
          "url": "https://crates.io/api/v1/crates/crunchy/0.2.2/download",
          "sha256": "7a81dae078cea95a014a339291cec439d2f232ebe854a9d672b796c6afafa9b7"
        }
      },
      "targets": [
        {
          "Library": {
            "crate_name": "crunchy",
            "crate_root": "src/lib.rs",
            "srcs": [
              "**/*.rs"
            ]
          }
        },
        {
          "BuildScript": {
            "crate_name": "build_script_build",
            "crate_root": "build.rs",
            "srcs": [
              "**/*.rs"
            ]
          }
        }
      ],
      "library_target_name": "crunchy",
      "common_attrs": {
        "compile_data_glob": [
          "**"
        ],
        "deps": {
          "common": [
            {
              "id": "crunchy 0.2.2",
              "target": "build_script_build"
            }
          ],
          "selects": {}
        },
        "edition": "2015",
        "version": "0.2.2"
      },
      "build_script_attrs": {
        "data_glob": [
          "**"
        ]
      },
      "license": "MIT"
    },
    "direct-cargo-bazel-deps 0.0.1": {
      "name": "direct-cargo-bazel-deps",
      "version": "0.0.1",
      "repository": null,
      "targets": [
        {
          "Library": {
            "crate_name": "direct_cargo_bazel_deps",
            "crate_root": ".direct_cargo_bazel_deps.rs",
            "srcs": [
              "**/*.rs"
            ]
          }
        }
      ],
      "library_target_name": "direct_cargo_bazel_deps",
      "common_attrs": {
        "compile_data_glob": [
          "**"
        ],
        "deps": {
          "common": [
            {
              "id": "fixed 1.23.0",
              "target": "fixed"
            }
          ],
          "selects": {}
        },
        "edition": "2018",
        "version": "0.0.1"
      },
      "license": null
    },
    "fixed 1.23.0": {
      "name": "fixed",
      "version": "1.23.0",
      "repository": {
        "Http": {
          "url": "https://crates.io/api/v1/crates/fixed/1.23.0/download",
          "sha256": "55f3be4cf4fc227d3a63bb77512a2b7d364200b2a715f389155785c4d3345495"
        }
      },
      "targets": [
        {
          "Library": {
            "crate_name": "fixed",
            "crate_root": "src/lib.rs",
            "srcs": [
              "**/*.rs"
            ]
          }
        },
        {
          "BuildScript": {
            "crate_name": "build_script_build",
            "crate_root": "build.rs",
            "srcs": [
              "**/*.rs"
            ]
          }
        }
      ],
      "library_target_name": "fixed",
      "common_attrs": {
        "compile_data_glob": [
          "**"
        ],
        "deps": {
          "common": [
            {
              "id": "az 1.2.1",
              "target": "az",
              "alias": "az_crate"
            },
            {
              "id": "bytemuck 1.13.1",
              "target": "bytemuck"
            },
            {
              "id": "fixed 1.23.0",
              "target": "build_script_build"
            },
            {
              "id": "half 2.2.1",
              "target": "half"
            },
            {
              "id": "typenum 1.16.0",
              "target": "typenum"
            }
          ],
          "selects": {}
        },
        "edition": "2021",
        "version": "1.23.0"
      },
      "build_script_attrs": {
        "data_glob": [
          "**"
        ]
      },
      "license": "MIT/Apache-2.0"
    },
    "half 2.2.1": {
      "name": "half",
      "version": "2.2.1",
      "repository": {
        "Http": {
          "url": "https://crates.io/api/v1/crates/half/2.2.1/download",
          "sha256": "02b4af3693f1b705df946e9fe5631932443781d0aabb423b62fcd4d73f6d2fd0"
        }
      },
      "targets": [
        {
          "Library": {
            "crate_name": "half",
            "crate_root": "src/lib.rs",
            "srcs": [
              "**/*.rs"
            ]
          }
        }
      ],
      "library_target_name": "half",
      "common_attrs": {
        "compile_data_glob": [
          "**"
        ],
        "deps": {
          "common": [],
          "selects": {
            "cfg(target_arch = \"spirv\")": [
              {
                "id": "crunchy 0.2.2",
                "target": "crunchy"
              }
            ]
          }
        },
        "edition": "2021",
        "version": "2.2.1"
      },
      "license": "MIT OR Apache-2.0"
    },
    "typenum 1.16.0": {
      "name": "typenum",
      "version": "1.16.0",
      "repository": {
        "Http": {
          "url": "https://crates.io/api/v1/crates/typenum/1.16.0/download",
          "sha256": "497961ef93d974e23eb6f433eb5fe1b7930b659f06d12dec6fc44a8f554c0bba"
        }
      },
      "targets": [
        {
          "Library": {
            "crate_name": "typenum",
            "crate_root": "src/lib.rs",
            "srcs": [
              "**/*.rs"
            ]
          }
        },
        {
          "BuildScript": {
            "crate_name": "build_script_main",
            "crate_root": "build/main.rs",
            "srcs": [
              "**/*.rs"
            ]
          }
        }
      ],
      "library_target_name": "typenum",
      "common_attrs": {
        "compile_data_glob": [
          "**"
        ],
        "deps": {
          "common": [
            {
              "id": "typenum 1.16.0",
              "target": "build_script_main"
            }
          ],
          "selects": {}
        },
        "edition": "2018",
        "version": "1.16.0"
      },
      "build_script_attrs": {
        "data_glob": [
          "**"
        ]
      },
      "license": "MIT OR Apache-2.0"
    }
  },
  "binary_crates": [],
  "workspace_members": {
    "direct-cargo-bazel-deps 0.0.1": ""
  },
  "conditions": {
    "cfg(target_arch = \"spirv\")": []
  }
}
